
Microsoft Visual Studio Solution File, Format Version 12.00
# Visual Studio Version 17
VisualStudioVersion = 17.1.32421.90
MinimumVisualStudioVersion = 10.0.40219.1
Project("{8BC9CEB8-8B4A-11D0-8D11-00A0C91BC942}") = "labIlya_fstream1", "labIlya_fstream1\labIlya_fstream1.vcxproj", "{A47C4F27-AE6B-4A31-B3F5-FC4E54686450}"
EndProject
Global
	GlobalSection(SolutionConfigurationPlatforms) = preSolution
		Debug|x64 = Debug|x64
		Debug|x86 = Debug|x86
		Release|x64 = Release|x64
		Release|x86 = Release|x86
	EndGlobalSection
	GlobalSection(ProjectConfigurationPlatforms) = postSolution
		{A47C4F27-AE6B-4A31-B3F5-FC4E54686450}.Debug|x64.ActiveCfg = Debug|x64
		{A47C4F27-AE6B-4A31-B3F5-FC4E54686450}.Debug|x64.Build.0 = Debug|x64
		{A47C4F27-AE6B-4A31-B3F5-FC4E54686450}.Debug|x86.ActiveCfg = Debug|Win32
		{A47C4F27-AE6B-4A31-B3F5-FC4E54686450}.Debug|x86.Build.0 = Debug|Win32
		{A47C4F27-AE6B-4A31-B3F5-FC4E54686450}.Release|x64.ActiveCfg = Release|x64
		{A47C4F27-AE6B-4A31-B3F5-FC4E54686450}.Release|x64.Build.0 = Release|x64
		{A47C4F27-AE6B-4A31-B3F5-FC4E54686450}.Release|x86.ActiveCfg = Release|Win32
		{A47C4F27-AE6B-4A31-B3F5-FC4E54686450}.Release|x86.Build.0 = Release|Win32
	EndGlobalSection
	GlobalSection(SolutionProperties) = preSolution
		HideSolutionNode = FALSE
	EndGlobalSection
	GlobalSection(ExtensibilityGlobals) = postSolution
		SolutionGuid = {A3656114-DE58-4D68-9B7F-0C1AEFC25729}
	EndGlobalSection
EndGlobal
